
Microsoft Visual Studio Solution File, Format Version 12.00
# Visual Studio Version 17
VisualStudioVersion = 17.5.33530.505
MinimumVisualStudioVersion = 10.0.40219.1
Project("{FAE04EC0-301F-11D3-BF4B-00C04F79EFBC}") = "hajur-ko-car-rental", "hajur-ko-car-rental\hajur-ko-car-rental.csproj", "{C23A90ED-5AF1-499D-A1C9-AFA46289AFAF}"
EndProject
Global
	GlobalSection(SolutionConfigurationPlatforms) = preSolution
		Debug|Any CPU = Debug|Any CPU
		Release|Any CPU = Release|Any CPU
	EndGlobalSection
	GlobalSection(ProjectConfigurationPlatforms) = postSolution
		{C23A90ED-5AF1-499D-A1C9-AFA46289AFAF}.Debug|Any CPU.ActiveCfg = Debug|Any CPU
		{C23A90ED-5AF1-499D-A1C9-AFA46289AFAF}.Debug|Any CPU.Build.0 = Debug|Any CPU
		{C23A90ED-5AF1-499D-A1C9-AFA46289AFAF}.Release|Any CPU.ActiveCfg = Release|Any CPU
		{C23A90ED-5AF1-499D-A1C9-AFA46289AFAF}.Release|Any CPU.Build.0 = Release|Any CPU
	EndGlobalSection
	GlobalSection(SolutionProperties) = preSolution
		HideSolutionNode = FALSE
	EndGlobalSection
	GlobalSection(ExtensibilityGlobals) = postSolution
		SolutionGuid = {1B72FE01-524C-43F1-BAC2-0BFA3EC222CF}
	EndGlobalSection
EndGlobal
